
Microsoft Visual Studio Solution File, Format Version 12.00
# Visual Studio 2012
Project("{FAE04EC0-301F-11D3-BF4B-00C04F79EFBC}") = "Space Warp", "Space Warp\Space Warp\Space Warp.csproj", "{A022B66A-07A7-489A-A9D8-774F34E4999E}"
EndProject
Project("{96E2B04D-8817-42C6-938A-82C39BA4D311}") = "Space WarpContent", "Space Warp\Space WarpContent\Space WarpContent.contentproj", "{EE35B873-7F01-4C2D-AA38-93CEF485DD76}"
EndProject
Global
	GlobalSection(SolutionConfigurationPlatforms) = preSolution
		Debug|Windows Phone = Debug|Windows Phone
		Release|Windows Phone = Release|Windows Phone
	EndGlobalSection
	GlobalSection(ProjectConfigurationPlatforms) = postSolution
		{A022B66A-07A7-489A-A9D8-774F34E4999E}.Debug|Windows Phone.ActiveCfg = Debug|Windows Phone
		{A022B66A-07A7-489A-A9D8-774F34E4999E}.Debug|Windows Phone.Build.0 = Debug|Windows Phone
		{A022B66A-07A7-489A-A9D8-774F34E4999E}.Debug|Windows Phone.Deploy.0 = Debug|Windows Phone
		{A022B66A-07A7-489A-A9D8-774F34E4999E}.Release|Windows Phone.ActiveCfg = Release|Windows Phone
		{A022B66A-07A7-489A-A9D8-774F34E4999E}.Release|Windows Phone.Build.0 = Release|Windows Phone
		{A022B66A-07A7-489A-A9D8-774F34E4999E}.Release|Windows Phone.Deploy.0 = Release|Windows Phone
		{EE35B873-7F01-4C2D-AA38-93CEF485DD76}.Debug|Windows Phone.ActiveCfg = Debug|Windows Phone
		{EE35B873-7F01-4C2D-AA38-93CEF485DD76}.Release|Windows Phone.ActiveCfg = Release|Windows Phone
	EndGlobalSection
	GlobalSection(SolutionProperties) = preSolution
		HideSolutionNode = FALSE
	EndGlobalSection
EndGlobal
